// !$*UTF8*$!
{
	archiveVersion = 1;
	classes = {
	};
	objectVersion = 46;
	objects = {

/* Begin PBXBuildFile section */
		C62D15D51D09A101000A7534 /* AppDelegate.swift in Sources */ = {isa = PBXBuildFile; fileRef = C62D15D41D09A101000A7534 /* AppDelegate.swift */; };
		C62D15D71D09A101000A7534 /* ViewController.swift in Sources */ = {isa = PBXBuildFile; fileRef = C62D15D61D09A101000A7534 /* ViewController.swift */; };
		C62D15DA1D09A101000A7534 /* Main.storyboard in Resources */ = {isa = PBXBuildFile; fileRef = C62D15D81D09A101000A7534 /* Main.storyboard */; };
		C62D15DC1D09A101000A7534 /* Assets.xcassets in Resources */ = {isa = PBXBuildFile; fileRef = C62D15DB1D09A101000A7534 /* Assets.xcassets */; };
		C62D15DF1D09A101000A7534 /* LaunchScreen.storyboard in Resources */ = {isa = PBXBuildFile; fileRef = C62D15DD1D09A101000A7534 /* LaunchScreen.storyboard */; };
/* End PBXBuildFile section */

/* Begin PBXFileReference section */
		C62D15D11D09A101000A7534 /* DemoCI.app */ = {isa = PBXFileReference; explicitFileType = wrapper.application; includeInIndex = 0; path = DemoCI.app; sourceTree = BUILT_PRODUCTS_DIR; };
		C62D15D41D09A101000A7534 /* AppDelegate.swift */ = {isa = PBXFileReference; lastKnownFileType = sourcecode.swift; path = AppDelegate.swift; sourceTree = "<group>"; };
		C62D15D61D09A101000A7534 /* ViewController.swift */ = {isa = PBXFileReference; lastKnownFileType = sourcecode.swift; path = ViewController.swift; sourceTree = "<group>"; };
		C62D15D91D09A101000A7534 /* Base */ = {isa = PBXFileReference; lastKnownFileType = file.storyboard; name = Base; path = Base.lproj/Main.storyboard; sourceTree = "<group>"; };
		C62D15DB1D09A101000A7534 /* Assets.xcassets */ = {isa = PBXFileReference; lastKnownFileType = folder.assetcatalog; path = Assets.xcassets; sourceTree = "<group>"; };
		C62D15DE1D09A101000A7534 /* Base */ = {isa = PBXFileReference; lastKnownFileType = file.storyboard; name = Base; path = Base.lproj/LaunchScreen.storyboard; sourceTree = "<group>"; };
		C62D15E01D09A101000A7534 /* Info.plist */ = {isa = PBXFileReference; lastKnownFileType = text.plist.xml; path = Info.plist; sourceTree = "<group>"; };
/* End PBXFileReference section */

/* Begin PBXFrameworksBuildPhase section */
		C62D15CE1D09A101000A7534 /* Frameworks */ = {
			isa = PBXFrameworksBuildPhase;
			buildActionMask = 2147483647;
			files = (
			);
			runOnlyForDeploymentPostprocessing = 0;
		};
/* End PBXFrameworksBuildPhase section */

/* Begin PBXGroup section */
		C62D15C81D09A101000A7534 = {
			isa = PBXGroup;
			children = (
				C62D15D31D09A101000A7534 /* DemoCI */,
				C62D15D21D09A101000A7534 /* Products */,
			);
			sourceTree = "<group>";
		};
		C62D15D21D09A101000A7534 /* Products */ = {
			isa = PBXGroup;
			children = (
				C62D15D11D09A101000A7534 /* DemoCI.app */,
			);
			name = Products;
			sourceTree = "<group>";
		};
		C62D15D31D09A101000A7534 /* DemoCI */ = {
			isa = PBXGroup;
			children = (
				C62D15D41D09A101000A7534 /* AppDelegate.swift */,
				C62D15D61D09A101000A7534 /* ViewController.swift */,
				C62D15D81D09A101000A7534 /* Main.storyboard */,
				C62D15DB1D09A101000A7534 /* Assets.xcassets */,
				C62D15DD1D09A101000A7534 /* LaunchScreen.storyboard */,
				C62D15E01D09A101000A7534 /* Info.plist */,
			);
			path = DemoCI;
			sourceTree = "<group>";
		};
/* End PBXGroup section */

/* Begin PBXNativeTarget section */
		C62D15D01D09A101000A7534 /* DemoCI */ = {
			isa = PBXNativeTarget;
			buildConfigurationList = C62D15E31D09A101000A7534 /* Build configuration list for PBXNativeTarget "DemoCI" */;
			buildPhases = (
				C62D15CD1D09A101000A7534 /* Sources */,
				C62D15CE1D09A101000A7534 /* Frameworks */,
				C62D15CF1D09A101000A7534 /* Resources */,
			);
			buildRules = (
			);
			dependencies = (
			);
			name = DemoCI;
			productName = DemoCI;
			productReference = C62D15D11D09A101000A7534 /* DemoCI.app */;
			productType = "com.apple.product-type.application";
		};
/* End PBXNativeTarget section */

/* Begin PBXProject section */
		C62D15C91D09A101000A7534 /* Project object */ = {
			isa = PBXProject;
			attributes = {
				LastSwiftUpdateCheck = 0730;
				LastUpgradeCheck = 0730;
				ORGANIZATIONNAME = com.moru;
				TargetAttributes = {
					C62D15D01D09A101000A7534 = {
						CreatedOnToolsVersion = 7.3.1;
					};
				};
			};
			buildConfigurationList = C62D15CC1D09A101000A7534 /* Build configuration list for PBXProject "DemoCI" */;
			compatibilityVersion = "Xcode 3.2";
			developmentRegion = English;
			hasScannedForEncodings = 0;
			knownRegions = (
				en,
				Base,
			);
			mainGroup = C62D15C81D09A101000A7534;
			productRefGroup = C62D15D21D09A101000A7534 /* Products */;
			projectDirPath = "";
			projectRoot = "";
			targets = (
				C62D15D01D09A101000A7534 /* DemoCI */,
			);
		};
/* End PBXProject section */

/* Begin PBXResourcesBuildPhase section */
		C62D15CF1D09A101000A7534 /* Resources */ = {
			isa = PBXResourcesBuildPhase;
			buildActionMask = 2147483647;
			files = (
				C62D15DF1D09A101000A7534 /* LaunchScreen.storyboard in Resources */,
				C62D15DC1D09A101000A7534 /* Assets.xcassets in Resources */,
				C62D15DA1D09A101000A7534 /* Main.storyboard in Resources */,
			);
			runOnlyForDeploymentPostprocessing = 0;
		};
/* End PBXResourcesBuildPhase section */

/* Begin PBXSourcesBuildPhase section */
		C62D15CD1D09A101000A7534 /* Sources */ = {
			isa = PBXSourcesBuildPhase;
			buildActionMask = 2147483647;
			files = (
				C62D15D71D09A101000A7534 /* ViewController.swift in Sources */,
				C62D15D51D09A101000A7534 /* AppDelegate.swift in Sources */,
			);
			runOnlyForDeploymentPostprocessing = 0;
		};
/* End PBXSourcesBuildPhase section */

/* Begin PBXVariantGroup section */
		C62D15D81D09A101000A7534 /* Main.storyboard */ = {
			isa = PBXVariantGroup;
			children = (
				C62D15D91D09A101000A7534 /* Base */,
			);
			name = Main.storyboard;
			sourceTree = "<group>";
		};
		C62D15DD1D09A101000A7534 /* LaunchScreen.storyboard */ = {
			isa = PBXVariantGroup;
			children = (
				C62D15DE1D09A101000A7534 /* Base */,
			);
			name = LaunchScreen.storyboard;
			sourceTree = "<group>";
		};
/* End PBXVariantGroup section */

/* Begin XCBuildConfiguration section */
		C62D15E11D09A101000A7534 /* Debug */ = {
			isa = XCBuildConfiguration;
			buildSettings = {
				ALWAYS_SEARCH_USER_PATHS = NO;
				CLANG_ANALYZER_NONNULL = YES;
				CLANG_CXX_LANGUAGE_STANDARD = "gnu++0x";
				CLANG_CXX_LIBRARY = "libc++";
				CLANG_ENABLE_MODULES = YES;
				CLANG_ENABLE_OBJC_ARC = YES;
				CLANG_WARN_BOOL_CONVERSION = YES;
				CLANG_WARN_CONSTANT_CONVERSION = YES;
				CLANG_WARN_DIRECT_OBJC_ISA_USAGE = YES_ERROR;
				CLANG_WARN_EMPTY_BODY = YES;
				CLANG_WARN_ENUM_CONVERSION = YES;
				CLANG_WARN_INT_CONVERSION = YES;
				CLANG_WARN_OBJC_ROOT_CLASS = YES_ERROR;
				CLANG_WARN_UNREACHABLE_CODE = YES;
				CLANG_WARN__DUPLICATE_METHOD_MATCH = YES;
				"CODE_SIGN_IDENTITY[sdk=iphoneos*]" = "iPhone Developer";
				COPY_PHASE_STRIP = NO;
				DEBUG_INFORMATION_FORMAT = dwarf;
				ENABLE_STRICT_OBJC_MSGSEND = YES;
				ENABLE_TESTABILITY = YES;
				GCC_C_LANGUAGE_STANDARD = gnu99;
				GCC_DYNAMIC_NO_PIC = NO;
				GCC_NO_COMMON_BLOCKS = YES;
				GCC_OPTIMIZATION_LEVEL = 0;
				GCC_PREPROCESSOR_DEFINITIONS = (
					"DEBUG=1",
					"$(inherited)",
				);
				GCC_WARN_64_TO_32_BIT_CONVERSION = YES;
				GCC_WARN_ABOUT_RETURN_TYPE = YES_ERROR;
				GCC_WARN_UNDECLARED_SELECTOR = YES;
				GCC_WARN_UNINITIALIZED_AUTOS = YES_AGGRESSIVE;
				GCC_WARN_UNUSED_FUNCTION = YES;
				GCC_WARN_UNUSED_VARIABLE = YES;
				IPHONEOS_DEPLOYMENT_TARGET = 9.3;
				MTL_ENABLE_DEBUG_INFO = YES;
				ONLY_ACTIVE_ARCH = YES;
				SDKROOT = iphoneos;
				SWIFT_OPTIMIZATION_LEVEL = "-Onone";
			};
			name = Debug;
		};
		C62D15E21D09A101000A7534 /* Release */ = {
			isa = XCBuildConfiguration;
			buildSettings = {
				ALWAYS_SEARCH_USER_PATHS = NO;
				CLANG_ANALYZER_NONNULL = YES;
				CLANG_CXX_LANGUAGE_STANDARD = "gnu++0x";
				CLANG_CXX_LIBRARY = "libc++";
				CLANG_ENABLE_MODULES = YES;
				CLANG_ENABLE_OBJC_ARC = YES;
				CLANG_WARN_BOOL_CONVERSION = YES;
				CLANG_WARN_CONSTANT_CONVERSION = YES;
				CLANG_WARN_DIRECT_OBJC_ISA_USAGE = YES_ERROR;
				CLANG_WARN_EMPTY_BODY = YES;
				CLANG_WARN_ENUM_CONVERSION = YES;
				CLANG_WARN_INT_CONVERSION = YES;
				CLANG_WARN_OBJC_ROOT_CLASS = YES_ERROR;
				CLANG_WARN_UNREACHABLE_CODE = YES;
				CLANG_WARN__DUPLICATE_METHOD_MATCH = YES;
				"CODE_SIGN_IDENTITY[sdk=iphoneos*]" = "iPhone Developer";
				COPY_PHASE_STRIP = NO;
				DEBUG_INFORMATION_FORMAT = "dwarf-with-dsym";
				ENABLE_NS_ASSERTIONS = NO;
				ENABLE_STRICT_OBJC_MSGSEND = YES;
				GCC_C_LANGUAGE_STANDARD = gnu99;
				GCC_NO_COMMON_BLOCKS = YES;
				GCC_WARN_64_TO_32_BIT_CONVERSION = YES;
				GCC_WARN_ABOUT_RETURN_TYPE = YES_ERROR;
				GCC_WARN_UNDECLARED_SELECTOR = YES;
				GCC_WARN_UNINITIALIZED_AUTOS = YES_AGGRESSIVE;
				GCC_WARN_UNUSED_FUNCTION = YES;
				GCC_WARN_UNUSED_VARIABLE = YES;
				IPHONEOS_DEPLOYMENT_TARGET = 9.3;
				MTL_ENABLE_DEBUG_INFO = NO;
				SDKROOT = iphoneos;
				VALIDATE_PRODUCT = YES;
			};
			name = Release;
		};
		C62D15E41D09A101000A7534 /* Debug */ = {
			isa = XCBuildConfiguration;
			buildSettings = {
				ASSETCATALOG_COMPILER_APPICON_NAME = AppIcon;
				INFOPLIST_FILE = DemoCI/Info.plist;
				LD_RUNPATH_SEARCH_PATHS = "$(inherited) @executable_path/Frameworks";
				PRODUCT_BUNDLE_IDENTIFIER = com.moru.DemoCI;
				PRODUCT_NAME = "$(TARGET_NAME)";
			};
			name = Debug;
		};
		C62D15E51D09A101000A7534 /* Release */ = {
			isa = XCBuildConfiguration;
			buildSettings = {
				ASSETCATALOG_COMPILER_APPICON_NAME = AppIcon;
				INFOPLIST_FILE = DemoCI/Info.plist;
				LD_RUNPATH_SEARCH_PATHS = "$(inherited) @executable_path/Frameworks";
				PRODUCT_BUNDLE_IDENTIFIER = com.moru.DemoCI;
				PRODUCT_NAME = "$(TARGET_NAME)";
			};
			name = Release;
		};
/* End XCBuildConfiguration section */

/* Begin XCConfigurationList section */
		C62D15CC1D09A101000A7534 /* Build configuration list for PBXProject "DemoCI" */ = {
			isa = XCConfigurationList;
			buildConfigurations = (
				C62D15E11D09A101000A7534 /* Debug */,
				C62D15E21D09A101000A7534 /* Release */,
			);
			defaultConfigurationIsVisible = 0;
			defaultConfigurationName = Release;
		};
		C62D15E31D09A101000A7534 /* Build configuration list for PBXNativeTarget "DemoCI" */ = {
			isa = XCConfigurationList;
			buildConfigurations = (
				C62D15E41D09A101000A7534 /* Debug */,
				C62D15E51D09A101000A7534 /* Release */,
			);
			defaultConfigurationIsVisible = 0;
		};
/* End XCConfigurationList section */
	};
	rootObject = C62D15C91D09A101000A7534 /* Project object */;
}
